
Microsoft Visual Studio Solution File, Format Version 12.00
# Visual Studio 15
VisualStudioVersion = 15.0.28307.539
MinimumVisualStudioVersion = 10.0.40219.1
Project("{8BC9CEB8-8B4A-11D0-8D11-00A0C91BC942}") = "4358", "4358\4358.vcxproj", "{C0632A0C-698D-4336-A43F-C5115CCA2877}"
EndProject
Global
	GlobalSection(SolutionConfigurationPlatforms) = preSolution
		Debug|x64 = Debug|x64
		Debug|x86 = Debug|x86
		Release|x64 = Release|x64
		Release|x86 = Release|x86
	EndGlobalSection
	GlobalSection(ProjectConfigurationPlatforms) = postSolution
		{C0632A0C-698D-4336-A43F-C5115CCA2877}.Debug|x64.ActiveCfg = Debug|x64
		{C0632A0C-698D-4336-A43F-C5115CCA2877}.Debug|x64.Build.0 = Debug|x64
		{C0632A0C-698D-4336-A43F-C5115CCA2877}.Debug|x86.ActiveCfg = Debug|Win32
		{C0632A0C-698D-4336-A43F-C5115CCA2877}.Debug|x86.Build.0 = Debug|Win32
		{C0632A0C-698D-4336-A43F-C5115CCA2877}.Release|x64.ActiveCfg = Release|x64
		{C0632A0C-698D-4336-A43F-C5115CCA2877}.Release|x64.Build.0 = Release|x64
		{C0632A0C-698D-4336-A43F-C5115CCA2877}.Release|x86.ActiveCfg = Release|Win32
		{C0632A0C-698D-4336-A43F-C5115CCA2877}.Release|x86.Build.0 = Release|Win32
	EndGlobalSection
	GlobalSection(SolutionProperties) = preSolution
		HideSolutionNode = FALSE
	EndGlobalSection
	GlobalSection(ExtensibilityGlobals) = postSolution
		SolutionGuid = {A119C70A-3338-4D21-BDB6-FC55A706BD5D}
	EndGlobalSection
EndGlobal
