
Microsoft Visual Studio Solution File, Format Version 12.00
# Visual Studio 15
VisualStudioVersion = 15.0.28307.539
MinimumVisualStudioVersion = 10.0.40219.1
Project("{8BC9CEB8-8B4A-11D0-8D11-00A0C91BC942}") = "1197", "1197\1197.vcxproj", "{38887116-9AC0-49AC-A216-75A000B990ED}"
EndProject
Global
	GlobalSection(SolutionConfigurationPlatforms) = preSolution
		Debug|x64 = Debug|x64
		Debug|x86 = Debug|x86
		Release|x64 = Release|x64
		Release|x86 = Release|x86
	EndGlobalSection
	GlobalSection(ProjectConfigurationPlatforms) = postSolution
		{38887116-9AC0-49AC-A216-75A000B990ED}.Debug|x64.ActiveCfg = Debug|x64
		{38887116-9AC0-49AC-A216-75A000B990ED}.Debug|x64.Build.0 = Debug|x64
		{38887116-9AC0-49AC-A216-75A000B990ED}.Debug|x86.ActiveCfg = Debug|Win32
		{38887116-9AC0-49AC-A216-75A000B990ED}.Debug|x86.Build.0 = Debug|Win32
		{38887116-9AC0-49AC-A216-75A000B990ED}.Release|x64.ActiveCfg = Release|x64
		{38887116-9AC0-49AC-A216-75A000B990ED}.Release|x64.Build.0 = Release|x64
		{38887116-9AC0-49AC-A216-75A000B990ED}.Release|x86.ActiveCfg = Release|Win32
		{38887116-9AC0-49AC-A216-75A000B990ED}.Release|x86.Build.0 = Release|Win32
	EndGlobalSection
	GlobalSection(SolutionProperties) = preSolution
		HideSolutionNode = FALSE
	EndGlobalSection
	GlobalSection(ExtensibilityGlobals) = postSolution
		SolutionGuid = {BD5CF745-056A-4199-B36D-863E2A4AFFE1}
	EndGlobalSection
EndGlobal
