
Microsoft Visual Studio Solution File, Format Version 12.00
# Visual Studio 15
VisualStudioVersion = 15.0.28307.539
MinimumVisualStudioVersion = 10.0.40219.1
Project("{8BC9CEB8-8B4A-11D0-8D11-00A0C91BC942}") = "16202", "16202\16202.vcxproj", "{A52768EE-B5B1-4A56-967A-AAF01A117106}"
EndProject
Global
	GlobalSection(SolutionConfigurationPlatforms) = preSolution
		Debug|x64 = Debug|x64
		Debug|x86 = Debug|x86
		Release|x64 = Release|x64
		Release|x86 = Release|x86
	EndGlobalSection
	GlobalSection(ProjectConfigurationPlatforms) = postSolution
		{A52768EE-B5B1-4A56-967A-AAF01A117106}.Debug|x64.ActiveCfg = Debug|x64
		{A52768EE-B5B1-4A56-967A-AAF01A117106}.Debug|x64.Build.0 = Debug|x64
		{A52768EE-B5B1-4A56-967A-AAF01A117106}.Debug|x86.ActiveCfg = Debug|Win32
		{A52768EE-B5B1-4A56-967A-AAF01A117106}.Debug|x86.Build.0 = Debug|Win32
		{A52768EE-B5B1-4A56-967A-AAF01A117106}.Release|x64.ActiveCfg = Release|x64
		{A52768EE-B5B1-4A56-967A-AAF01A117106}.Release|x64.Build.0 = Release|x64
		{A52768EE-B5B1-4A56-967A-AAF01A117106}.Release|x86.ActiveCfg = Release|Win32
		{A52768EE-B5B1-4A56-967A-AAF01A117106}.Release|x86.Build.0 = Release|Win32
	EndGlobalSection
	GlobalSection(SolutionProperties) = preSolution
		HideSolutionNode = FALSE
	EndGlobalSection
	GlobalSection(ExtensibilityGlobals) = postSolution
		SolutionGuid = {E1D8B981-5761-4973-BA1C-5E30D21D96B1}
	EndGlobalSection
EndGlobal
