
Microsoft Visual Studio Solution File, Format Version 12.00
# Visual Studio 15
VisualStudioVersion = 15.0.28307.539
MinimumVisualStudioVersion = 10.0.40219.1
Project("{8BC9CEB8-8B4A-11D0-8D11-00A0C91BC942}") = "2623", "2623\2623.vcxproj", "{146D9D63-BD00-4B82-913A-01F4A7BFD377}"
EndProject
Global
	GlobalSection(SolutionConfigurationPlatforms) = preSolution
		Debug|x64 = Debug|x64
		Debug|x86 = Debug|x86
		Release|x64 = Release|x64
		Release|x86 = Release|x86
	EndGlobalSection
	GlobalSection(ProjectConfigurationPlatforms) = postSolution
		{146D9D63-BD00-4B82-913A-01F4A7BFD377}.Debug|x64.ActiveCfg = Debug|x64
		{146D9D63-BD00-4B82-913A-01F4A7BFD377}.Debug|x64.Build.0 = Debug|x64
		{146D9D63-BD00-4B82-913A-01F4A7BFD377}.Debug|x86.ActiveCfg = Debug|Win32
		{146D9D63-BD00-4B82-913A-01F4A7BFD377}.Debug|x86.Build.0 = Debug|Win32
		{146D9D63-BD00-4B82-913A-01F4A7BFD377}.Release|x64.ActiveCfg = Release|x64
		{146D9D63-BD00-4B82-913A-01F4A7BFD377}.Release|x64.Build.0 = Release|x64
		{146D9D63-BD00-4B82-913A-01F4A7BFD377}.Release|x86.ActiveCfg = Release|Win32
		{146D9D63-BD00-4B82-913A-01F4A7BFD377}.Release|x86.Build.0 = Release|Win32
	EndGlobalSection
	GlobalSection(SolutionProperties) = preSolution
		HideSolutionNode = FALSE
	EndGlobalSection
	GlobalSection(ExtensibilityGlobals) = postSolution
		SolutionGuid = {DE93E1B9-3832-45A4-AAFA-94674386C073}
	EndGlobalSection
EndGlobal
